
Microsoft Visual Studio Solution File, Format Version 12.00
# Visual Studio 15
VisualStudioVersion = 15.0.27428.2002
MinimumVisualStudioVersion = 10.0.40219.1
Project("{9A19103F-16F7-4668-BE54-9A1E7A4F7556}") = "SignalRTutorial", "SignalRTutorial.csproj", "{F055FC1A-2299-4211-ABA7-48F371E04716}"
EndProject
Global
	GlobalSection(SolutionConfigurationPlatforms) = preSolution
		Debug|Any CPU = Debug|Any CPU
		Release|Any CPU = Release|Any CPU
	EndGlobalSection
	GlobalSection(ProjectConfigurationPlatforms) = postSolution
		{F055FC1A-2299-4211-ABA7-48F371E04716}.Debug|Any CPU.ActiveCfg = Debug|Any CPU
		{F055FC1A-2299-4211-ABA7-48F371E04716}.Debug|Any CPU.Build.0 = Debug|Any CPU
		{F055FC1A-2299-4211-ABA7-48F371E04716}.Release|Any CPU.ActiveCfg = Release|Any CPU
		{F055FC1A-2299-4211-ABA7-48F371E04716}.Release|Any CPU.Build.0 = Release|Any CPU
	EndGlobalSection
	GlobalSection(SolutionProperties) = preSolution
		HideSolutionNode = FALSE
	EndGlobalSection
	GlobalSection(ExtensibilityGlobals) = postSolution
		SolutionGuid = {4046EC05-E56E-4B76-BCC0-844DE590904C}
	EndGlobalSection
EndGlobal
